{
    "_readme": [
        "This file locks the dependencies of your project to a known state",
        "Read more about it at https://getcomposer.org/doc/01-basic-usage.md#installing-dependencies",
        "This file is @generated automatically"
    ],
    "content-hash": "2f5e778aa208e6be134cb091d322448c",
    "packages": [
        {
            "name": "graham-campbell/result-type",
            "version": "v1.1.0",
            "source": {
                "type": "git",
                "url": "https://github.com/GrahamCampbell/Result-Type.git",
                "reference": "a878d45c1914464426dc94da61c9e1d36ae262a8"
            },
            "dist": {
                "type": "zip",
                "url": "https://api.github.com/repos/GrahamCampbell/Result-Type/zipball/a878d45c1914464426dc94da61c9e1d36ae262a8",
                "reference": "a878d45c1914464426dc94da61c9e1d36ae262a8",
                "shasum": ""
            },
            "require": {
                "php": "^7.2.5 || ^8.0",
                "phpoption/phpoption": "^1.9"
            },
            "require-dev": {
                "phpunit/phpunit": "^8.5.28 || ^9.5.21"
            },
            "type": "library",
            "autoload": {
                "psr-4": {
                    "GrahamCampbell\\ResultType\\": "src/"
                }
            },
            "notification-url": "https://packagist.org/downloads/",
            "license": [
                "MIT"
            ],
            "authors": [
                {
                    "name": "Graham Campbell",
                    "email": "hello@gjcampbell.co.uk",
                    "homepage": "https://github.com/GrahamCampbell"
                }
            ],
            "description": "An Implementation Of The Result Type",
            "keywords": [
                "Graham Campbell",
                "GrahamCampbell",
                "Result Type",
                "Result-Type",
                "result"
            ],
            "support": {
                "issues": "https://github.com/GrahamCampbell/Result-Type/issues",
                "source": "https://github.com/GrahamCampbell/Result-Type/tree/v1.1.0"
            },
            "funding": [
                {
                    "url": "https://github.com/GrahamCampbell",
                    "type": "github"
                },
                {
                    "url": "https://tidelift.com/funding/github/packagist/graham-campbell/result-type",
                    "type": "tidelift"
                }
            ],
            "time": "2022-07-30T15:56:11+00:00"
        },
        {
            "name": "phpoption/phpoption",
            "version": "1.9.0",
            "source": {
                "type": "git",
                "url": "https://github.com/schmittjoh/php-option.git",
                "reference": "dc5ff11e274a90cc1c743f66c9ad700ce50db9ab"
            },
            "dist": {
                "type": "zip",
                "url": "https://api.github.com/repos/schmittjoh/php-option/zipball/dc5ff11e274a90cc1c743f66c9ad700ce50db9ab",
                "reference": "dc5ff11e274a90cc1c743f66c9ad700ce50db9ab",
                "shasum": ""
            },
            "require": {
                "php": "^7.2.5 || ^8.0"
            },
            "require-dev": {
                "bamarni/composer-bin-plugin": "^1.8",
                "phpunit/phpunit": "^8.5.28 || ^9.5.21"
            },
            "type": "library",
            "extra": {
                "bamarni-bin": {
                    "bin-links": true,
                    "forward-command": true
                },
                "branch-alias": {
                    "dev-master": "1.9-dev"
                }
            },
            "autoload": {
                "psr-4": {
                    "PhpOption\\": "src/PhpOption/"
                }
            },
            "notification-url": "https://packagist.org/downloads/",
            "license": [
                "Apache-2.0"
            ],
            "authors": [
                {
                    "name": "Johannes M. Schmitt",
                    "email": "schmittjoh@gmail.com",
                    "homepage": "https://github.com/schmittjoh"
                },
                {
                    "name": "Graham Campbell",
                    "email": "hello@gjcampbell.co.uk",
                    "homepage": "https://github.com/GrahamCampbell"
                }
            ],
            "description": "Option Type for PHP",
            "keywords": [
                "language",
                "option",
                "php",
                "type"
            ],
            "support": {
                "issues": "https://github.com/schmittjoh/php-option/issues",
                "source": "https://github.com/schmittjoh/php-option/tree/1.9.0"
            },
            "funding": [
                {
                    "url": "https://github.com/GrahamCampbell",
                    "type": "github"
                },
                {
                    "url": "https://tidelift.com/funding/github/packagist/phpoption/phpoption",
                    "type": "tidelift"
                }
            ],
            "time": "2022-07-30T15:51:26+00:00"
        },
        {
            "name": "psr/container",
            "version": "2.0.2",
            "source": {
                "type": "git",
                "url": "https://github.com/php-fig/container.git",
                "reference": "c71ecc56dfe541dbd90c5360474fbc405f8d5963"
            },
            "dist": {
                "type": "zip",
                "url": "https://api.github.com/repos/php-fig/container/zipball/c71ecc56dfe541dbd90c5360474fbc405f8d5963",
                "reference": "c71ecc56dfe541dbd90c5360474fbc405f8d5963",
                "shasum": ""
            },
            "require": {
                "php": ">=7.4.0"
            },
            "type": "library",
            "extra": {
                "branch-alias": {
                    "dev-master": "2.0.x-dev"
                }
            },
            "autoload": {
                "psr-4": {
                    "Psr\\Container\\": "src/"
                }
            },
            "notification-url": "https://packagist.org/downloads/",
            "license": [
                "MIT"
            ],
            "authors": [
                {
                    "name": "PHP-FIG",
                    "homepage": "https://www.php-fig.org/"
                }
            ],
            "description": "Common Container Interface (PHP FIG PSR-11)",
            "homepage": "https://github.com/php-fig/container",
            "keywords": [
                "PSR-11",
                "container",
                "container-interface",
                "container-interop",
                "psr"
            ],
            "support": {
                "issues": "https://github.com/php-fig/container/issues",
                "source": "https://github.com/php-fig/container/tree/2.0.2"
            },
            "time": "2021-11-05T16:47:00+00:00"
        },
        {
            "name": "psr/http-message",
            "version": "1.0.1",
            "source": {
                "type": "git",
                "url": "https://github.com/php-fig/http-message.git",
                "reference": "f6561bf28d520154e4b0ec72be95418abe6d9363"
            },
            "dist": {
                "type": "zip",
                "url": "https://api.github.com/repos/php-fig/http-message/zipball/f6561bf28d520154e4b0ec72be95418abe6d9363",
                "reference": "f6561bf28d520154e4b0ec72be95418abe6d9363",
                "shasum": ""
            },
            "require": {
                "php": ">=5.3.0"
            },
            "type": "library",
            "extra": {
                "branch-alias": {
                    "dev-master": "1.0.x-dev"
                }
            },
            "autoload": {
                "psr-4": {
                    "Psr\\Http\\Message\\": "src/"
                }
            },
            "notification-url": "https://packagist.org/downloads/",
            "license": [
                "MIT"
            ],
            "authors": [
                {
                    "name": "PHP-FIG",
                    "homepage": "http://www.php-fig.org/"
                }
            ],
            "description": "Common interface for HTTP messages",
            "homepage": "https://github.com/php-fig/http-message",
            "keywords": [
                "http",
                "http-message",
                "psr",
                "psr-7",
                "request",
                "response"
            ],
            "support": {
                "source": "https://github.com/php-fig/http-message/tree/master"
            },
            "time": "2016-08-06T14:39:51+00:00"
        },
        {
            "name": "psr/http-server-handler",
            "version": "1.0.1",
            "source": {
                "type": "git",
                "url": "https://github.com/php-fig/http-server-handler.git",
                "reference": "aff2f80e33b7f026ec96bb42f63242dc50ffcae7"
            },
            "dist": {
                "type": "zip",
                "url": "https://api.github.com/repos/php-fig/http-server-handler/zipball/aff2f80e33b7f026ec96bb42f63242dc50ffcae7",
                "reference": "aff2f80e33b7f026ec96bb42f63242dc50ffcae7",
                "shasum": ""
            },
            "require": {
                "php": ">=7.0",
                "psr/http-message": "^1.0"
            },
            "type": "library",
            "extra": {
                "branch-alias": {
                    "dev-master": "1.0.x-dev"
                }
            },
            "autoload": {
                "psr-4": {
                    "Psr\\Http\\Server\\": "src/"
                }
            },
            "notification-url": "https://packagist.org/downloads/",
            "license": [
                "MIT"
            ],
            "authors": [
                {
                    "name": "PHP-FIG",
                    "homepage": "http://www.php-fig.org/"
                }
            ],
            "description": "Common interface for HTTP server-side request handler",
            "keywords": [
                "handler",
                "http",
                "http-interop",
                "psr",
                "psr-15",
                "psr-7",
                "request",
                "response",
                "server"
            ],
            "support": {
                "issues": "https://github.com/php-fig/http-server-handler/issues",
                "source": "https://github.com/php-fig/http-server-handler/tree/master"
            },
            "time": "2018-10-30T16:46:14+00:00"
        },
        {
            "name": "psr/http-server-middleware",
            "version": "1.0.1",
            "source": {
                "type": "git",
                "url": "https://github.com/php-fig/http-server-middleware.git",
                "reference": "2296f45510945530b9dceb8bcedb5cb84d40c5f5"
            },
            "dist": {
                "type": "zip",
                "url": "https://api.github.com/repos/php-fig/http-server-middleware/zipball/2296f45510945530b9dceb8bcedb5cb84d40c5f5",
                "reference": "2296f45510945530b9dceb8bcedb5cb84d40c5f5",
                "shasum": ""
            },
            "require": {
                "php": ">=7.0",
                "psr/http-message": "^1.0",
                "psr/http-server-handler": "^1.0"
            },
            "type": "library",
            "extra": {
                "branch-alias": {
                    "dev-master": "1.0.x-dev"
                }
            },
            "autoload": {
                "psr-4": {
                    "Psr\\Http\\Server\\": "src/"
                }
            },
            "notification-url": "https://packagist.org/downloads/",
            "license": [
                "MIT"
            ],
            "authors": [
                {
                    "name": "PHP-FIG",
                    "homepage": "http://www.php-fig.org/"
                }
            ],
            "description": "Common interface for HTTP server-side middleware",
            "keywords": [
                "http",
                "http-interop",
                "middleware",
                "psr",
                "psr-15",
                "psr-7",
                "request",
                "response"
            ],
            "support": {
                "issues": "https://github.com/php-fig/http-server-middleware/issues",
                "source": "https://github.com/php-fig/http-server-middleware/tree/master"
            },
            "time": "2018-10-30T17:12:04+00:00"
        },
        {
            "name": "raoul/php-validator",
            "version": "V1.0.0",
            "source": {
                "type": "git",
                "url": "https://github.com/RaoulvanWijk/Validator.git",
                "reference": "deeed89b58d0f37f15f1238f6ff9105d9d79829b"
            },
            "dist": {
                "type": "zip",
                "url": "https://api.github.com/repos/RaoulvanWijk/Validator/zipball/deeed89b58d0f37f15f1238f6ff9105d9d79829b",
                "reference": "deeed89b58d0f37f15f1238f6ff9105d9d79829b",
                "shasum": ""
            },
            "type": "library",
            "autoload": {
                "psr-4": {
                    "Raoul\\Validator\\": "src/"
                }
            },
            "notification-url": "https://packagist.org/downloads/",
            "license": [
                "MIT"
            ],
            "authors": [
                {
                    "name": "Raoul van Wijk",
                    "email": "raoul.van.wijk05@gmail.com"
                }
            ],
            "description": "A simple validator for PHP",
            "keywords": [
                "validation",
                "validation library",
                "validation library for PHP",
                "validation package",
                "validation package for PHP",
                "validation tool",
                "validation tool for PHP",
                "validator"
            ],
            "support": {
                "issues": "https://github.com/RaoulvanWijk/Validator/issues",
                "source": "https://github.com/RaoulvanWijk/Validator/tree/V1.0.0"
            },
            "time": "2023-02-25T19:11:44+00:00"
        },
        {
            "name": "symfony/polyfill-ctype",
            "version": "v1.27.0",
            "source": {
                "type": "git",
                "url": "https://github.com/symfony/polyfill-ctype.git",
                "reference": "5bbc823adecdae860bb64756d639ecfec17b050a"
            },
            "dist": {
                "type": "zip",
                "url": "https://api.github.com/repos/symfony/polyfill-ctype/zipball/5bbc823adecdae860bb64756d639ecfec17b050a",
                "reference": "5bbc823adecdae860bb64756d639ecfec17b050a",
                "shasum": ""
            },
            "require": {
                "php": ">=7.1"
            },
            "provide": {
                "ext-ctype": "*"
            },
            "suggest": {
                "ext-ctype": "For best performance"
            },
            "type": "library",
            "extra": {
                "branch-alias": {
                    "dev-main": "1.27-dev"
                },
                "thanks": {
                    "name": "symfony/polyfill",
                    "url": "https://github.com/symfony/polyfill"
                }
            },
            "autoload": {
                "files": [
                    "bootstrap.php"
                ],
                "psr-4": {
                    "Symfony\\Polyfill\\Ctype\\": ""
                }
            },
            "notification-url": "https://packagist.org/downloads/",
            "license": [
                "MIT"
            ],
            "authors": [
                {
                    "name": "Gert de Pagter",
                    "email": "BackEndTea@gmail.com"
                },
                {
                    "name": "Symfony Community",
                    "homepage": "https://symfony.com/contributors"
                }
            ],
            "description": "Symfony polyfill for ctype functions",
            "homepage": "https://symfony.com",
            "keywords": [
                "compatibility",
                "ctype",
                "polyfill",
                "portable"
            ],
            "support": {
                "source": "https://github.com/symfony/polyfill-ctype/tree/v1.27.0"
            },
            "funding": [
                {
                    "url": "https://symfony.com/sponsor",
                    "type": "custom"
                },
                {
                    "url": "https://github.com/fabpot",
                    "type": "github"
                },
                {
                    "url": "https://tidelift.com/funding/github/packagist/symfony/symfony",
                    "type": "tidelift"
                }
            ],
            "time": "2022-11-03T14:55:06+00:00"
        },
        {
            "name": "symfony/polyfill-mbstring",
            "version": "v1.27.0",
            "source": {
                "type": "git",
                "url": "https://github.com/symfony/polyfill-mbstring.git",
                "reference": "8ad114f6b39e2c98a8b0e3bd907732c207c2b534"
            },
            "dist": {
                "type": "zip",
                "url": "https://api.github.com/repos/symfony/polyfill-mbstring/zipball/8ad114f6b39e2c98a8b0e3bd907732c207c2b534",
                "reference": "8ad114f6b39e2c98a8b0e3bd907732c207c2b534",
                "shasum": ""
            },
            "require": {
                "php": ">=7.1"
            },
            "provide": {
                "ext-mbstring": "*"
            },
            "suggest": {
                "ext-mbstring": "For best performance"
            },
            "type": "library",
            "extra": {
                "branch-alias": {
                    "dev-main": "1.27-dev"
                },
                "thanks": {
                    "name": "symfony/polyfill",
                    "url": "https://github.com/symfony/polyfill"
                }
            },
            "autoload": {
                "files": [
                    "bootstrap.php"
                ],
                "psr-4": {
                    "Symfony\\Polyfill\\Mbstring\\": ""
                }
            },
            "notification-url": "https://packagist.org/downloads/",
            "license": [
                "MIT"
            ],
            "authors": [
                {
                    "name": "Nicolas Grekas",
                    "email": "p@tchwork.com"
                },
                {
                    "name": "Symfony Community",
                    "homepage": "https://symfony.com/contributors"
                }
            ],
            "description": "Symfony polyfill for the Mbstring extension",
            "homepage": "https://symfony.com",
            "keywords": [
                "compatibility",
                "mbstring",
                "polyfill",
                "portable",
                "shim"
            ],
            "support": {
                "source": "https://github.com/symfony/polyfill-mbstring/tree/v1.27.0"
            },
            "funding": [
                {
                    "url": "https://symfony.com/sponsor",
                    "type": "custom"
                },
                {
                    "url": "https://github.com/fabpot",
                    "type": "github"
                },
                {
                    "url": "https://tidelift.com/funding/github/packagist/symfony/symfony",
                    "type": "tidelift"
                }
            ],
            "time": "2022-11-03T14:55:06+00:00"
        },
        {
            "name": "symfony/polyfill-php80",
            "version": "v1.27.0",
            "source": {
                "type": "git",
                "url": "https://github.com/symfony/polyfill-php80.git",
                "reference": "7a6ff3f1959bb01aefccb463a0f2cd3d3d2fd936"
            },
            "dist": {
                "type": "zip",
                "url": "https://api.github.com/repos/symfony/polyfill-php80/zipball/7a6ff3f1959bb01aefccb463a0f2cd3d3d2fd936",
                "reference": "7a6ff3f1959bb01aefccb463a0f2cd3d3d2fd936",
                "shasum": ""
            },
            "require": {
                "php": ">=7.1"
            },
            "type": "library",
            "extra": {
                "branch-alias": {
                    "dev-main": "1.27-dev"
                },
                "thanks": {
                    "name": "symfony/polyfill",
                    "url": "https://github.com/symfony/polyfill"
                }
            },
            "autoload": {
                "files": [
                    "bootstrap.php"
                ],
                "psr-4": {
                    "Symfony\\Polyfill\\Php80\\": ""
                },
                "classmap": [
                    "Resources/stubs"
                ]
            },
            "notification-url": "https://packagist.org/downloads/",
            "license": [
                "MIT"
            ],
            "authors": [
                {
                    "name": "Ion Bazan",
                    "email": "ion.bazan@gmail.com"
                },
                {
                    "name": "Nicolas Grekas",
                    "email": "p@tchwork.com"
                },
                {
                    "name": "Symfony Community",
                    "homepage": "https://symfony.com/contributors"
                }
            ],
            "description": "Symfony polyfill backporting some PHP 8.0+ features to lower PHP versions",
            "homepage": "https://symfony.com",
            "keywords": [
                "compatibility",
                "polyfill",
                "portable",
                "shim"
            ],
            "support": {
                "source": "https://github.com/symfony/polyfill-php80/tree/v1.27.0"
            },
            "funding": [
                {
                    "url": "https://symfony.com/sponsor",
                    "type": "custom"
                },
                {
                    "url": "https://github.com/fabpot",
                    "type": "github"
                },
                {
                    "url": "https://tidelift.com/funding/github/packagist/symfony/symfony",
                    "type": "tidelift"
                }
            ],
            "time": "2022-11-03T14:55:06+00:00"
        },
        {
            "name": "symfony/var-dumper",
            "version": "v6.2.3",
            "source": {
                "type": "git",
                "url": "https://github.com/symfony/var-dumper.git",
                "reference": "fdbadd4803bc3c96ef89238c9c9e2ebe424ec2e0"
            },
            "dist": {
                "type": "zip",
                "url": "https://api.github.com/repos/symfony/var-dumper/zipball/fdbadd4803bc3c96ef89238c9c9e2ebe424ec2e0",
                "reference": "fdbadd4803bc3c96ef89238c9c9e2ebe424ec2e0",
                "shasum": ""
            },
            "require": {
                "php": ">=8.1",
                "symfony/polyfill-mbstring": "~1.0"
            },
            "conflict": {
                "phpunit/phpunit": "<5.4.3",
                "symfony/console": "<5.4"
            },
            "require-dev": {
                "ext-iconv": "*",
                "symfony/console": "^5.4|^6.0",
                "symfony/process": "^5.4|^6.0",
                "symfony/uid": "^5.4|^6.0",
                "twig/twig": "^2.13|^3.0.4"
            },
            "suggest": {
                "ext-iconv": "To convert non-UTF-8 strings to UTF-8 (or symfony/polyfill-iconv in case ext-iconv cannot be used).",
                "ext-intl": "To show region name in time zone dump",
                "symfony/console": "To use the ServerDumpCommand and/or the bin/var-dump-server script"
            },
            "bin": [
                "Resources/bin/var-dump-server"
            ],
            "type": "library",
            "autoload": {
                "files": [
                    "Resources/functions/dump.php"
                ],
                "psr-4": {
                    "Symfony\\Component\\VarDumper\\": ""
                },
                "exclude-from-classmap": [
                    "/Tests/"
                ]
            },
            "notification-url": "https://packagist.org/downloads/",
            "license": [
                "MIT"
            ],
            "authors": [
                {
                    "name": "Nicolas Grekas",
                    "email": "p@tchwork.com"
                },
                {
                    "name": "Symfony Community",
                    "homepage": "https://symfony.com/contributors"
                }
            ],
            "description": "Provides mechanisms for walking through any arbitrary PHP variable",
            "homepage": "https://symfony.com",
            "keywords": [
                "debug",
                "dump"
            ],
            "support": {
                "source": "https://github.com/symfony/var-dumper/tree/v6.2.3"
            },
            "funding": [
                {
                    "url": "https://symfony.com/sponsor",
                    "type": "custom"
                },
                {
                    "url": "https://github.com/fabpot",
                    "type": "github"
                },
                {
                    "url": "https://tidelift.com/funding/github/packagist/symfony/symfony",
                    "type": "tidelift"
                }
            ],
            "time": "2022-12-22T17:55:15+00:00"
        },
        {
            "name": "twig/twig",
            "version": "v3.5.0",
            "source": {
                "type": "git",
                "url": "https://github.com/twigphp/Twig.git",
                "reference": "3ffcf4b7d890770466da3b2666f82ac054e7ec72"
            },
            "dist": {
                "type": "zip",
                "url": "https://api.github.com/repos/twigphp/Twig/zipball/3ffcf4b7d890770466da3b2666f82ac054e7ec72",
                "reference": "3ffcf4b7d890770466da3b2666f82ac054e7ec72",
                "shasum": ""
            },
            "require": {
                "php": ">=7.2.5",
                "symfony/polyfill-ctype": "^1.8",
                "symfony/polyfill-mbstring": "^1.3"
            },
            "require-dev": {
                "psr/container": "^1.0",
                "symfony/phpunit-bridge": "^4.4.9|^5.0.9|^6.0"
            },
            "type": "library",
            "extra": {
                "branch-alias": {
                    "dev-master": "3.5-dev"
                }
            },
            "autoload": {
                "psr-4": {
                    "Twig\\": "src/"
                }
            },
            "notification-url": "https://packagist.org/downloads/",
            "license": [
                "BSD-3-Clause"
            ],
            "authors": [
                {
                    "name": "Fabien Potencier",
                    "email": "fabien@symfony.com",
                    "homepage": "http://fabien.potencier.org",
                    "role": "Lead Developer"
                },
                {
                    "name": "Twig Team",
                    "role": "Contributors"
                },
                {
                    "name": "Armin Ronacher",
                    "email": "armin.ronacher@active-4.com",
                    "role": "Project Founder"
                }
            ],
            "description": "Twig, the flexible, fast, and secure template language for PHP",
            "homepage": "https://twig.symfony.com",
            "keywords": [
                "templating"
            ],
            "support": {
                "issues": "https://github.com/twigphp/Twig/issues",
                "source": "https://github.com/twigphp/Twig/tree/v3.5.0"
            },
            "funding": [
                {
                    "url": "https://github.com/fabpot",
                    "type": "github"
                },
                {
                    "url": "https://tidelift.com/funding/github/packagist/twig/twig",
                    "type": "tidelift"
                }
            ],
            "time": "2022-12-27T12:28:18+00:00"
        },
        {
            "name": "vlucas/phpdotenv",
            "version": "v5.5.0",
            "source": {
                "type": "git",
                "url": "https://github.com/vlucas/phpdotenv.git",
                "reference": "1a7ea2afc49c3ee6d87061f5a233e3a035d0eae7"
            },
            "dist": {
                "type": "zip",
                "url": "https://api.github.com/repos/vlucas/phpdotenv/zipball/1a7ea2afc49c3ee6d87061f5a233e3a035d0eae7",
                "reference": "1a7ea2afc49c3ee6d87061f5a233e3a035d0eae7",
                "shasum": ""
            },
            "require": {
                "ext-pcre": "*",
                "graham-campbell/result-type": "^1.0.2",
                "php": "^7.1.3 || ^8.0",
                "phpoption/phpoption": "^1.8",
                "symfony/polyfill-ctype": "^1.23",
                "symfony/polyfill-mbstring": "^1.23.1",
                "symfony/polyfill-php80": "^1.23.1"
            },
            "require-dev": {
                "bamarni/composer-bin-plugin": "^1.4.1",
                "ext-filter": "*",
                "phpunit/phpunit": "^7.5.20 || ^8.5.30 || ^9.5.25"
            },
            "suggest": {
                "ext-filter": "Required to use the boolean validator."
            },
            "type": "library",
            "extra": {
                "bamarni-bin": {
                    "bin-links": true,
                    "forward-command": true
                },
                "branch-alias": {
                    "dev-master": "5.5-dev"
                }
            },
            "autoload": {
                "psr-4": {
                    "Dotenv\\": "src/"
                }
            },
            "notification-url": "https://packagist.org/downloads/",
            "license": [
                "BSD-3-Clause"
            ],
            "authors": [
                {
                    "name": "Graham Campbell",
                    "email": "hello@gjcampbell.co.uk",
                    "homepage": "https://github.com/GrahamCampbell"
                },
                {
                    "name": "Vance Lucas",
                    "email": "vance@vancelucas.com",
                    "homepage": "https://github.com/vlucas"
                }
            ],
            "description": "Loads environment variables from `.env` to `getenv()`, `$_ENV` and `$_SERVER` automagically.",
            "keywords": [
                "dotenv",
                "env",
                "environment"
            ],
            "support": {
                "issues": "https://github.com/vlucas/phpdotenv/issues",
                "source": "https://github.com/vlucas/phpdotenv/tree/v5.5.0"
            },
            "funding": [
                {
                    "url": "https://github.com/GrahamCampbell",
                    "type": "github"
                },
                {
                    "url": "https://tidelift.com/funding/github/packagist/vlucas/phpdotenv",
                    "type": "tidelift"
                }
            ],
            "time": "2022-10-16T01:01:54+00:00"
        }
    ],
    "packages-dev": [],
    "aliases": [],
    "minimum-stability": "stable",
    "stability-flags": [],
    "prefer-stable": false,
    "prefer-lowest": false,
    "platform": {
        "php": "^8.2"
    },
    "platform-dev": [],
    "plugin-api-version": "2.3.0"
}
